
Microsoft Visual Studio Solution File, Format Version 12.00
# Visual Studio Version 16
VisualStudioVersion = 16.0.30804.86
MinimumVisualStudioVersion = 10.0.40219.1
Project("{FAE04EC0-301F-11D3-BF4B-00C04F79EFBC}") = "BP-Trains", "BP-Trains\BP-Trains.csproj", "{FEF8C109-7EC5-4C01-A014-DEEE2437E9A7}"
EndProject
Global
	GlobalSection(SolutionConfigurationPlatforms) = preSolution
		Debug|Any CPU = Debug|Any CPU
		Release|Any CPU = Release|Any CPU
	EndGlobalSection
	GlobalSection(ProjectConfigurationPlatforms) = postSolution
		{FEF8C109-7EC5-4C01-A014-DEEE2437E9A7}.Debug|Any CPU.ActiveCfg = Debug|Any CPU
		{FEF8C109-7EC5-4C01-A014-DEEE2437E9A7}.Debug|Any CPU.Build.0 = Debug|Any CPU
		{FEF8C109-7EC5-4C01-A014-DEEE2437E9A7}.Release|Any CPU.ActiveCfg = Release|Any CPU
		{FEF8C109-7EC5-4C01-A014-DEEE2437E9A7}.Release|Any CPU.Build.0 = Release|Any CPU
	EndGlobalSection
	GlobalSection(SolutionProperties) = preSolution
		HideSolutionNode = FALSE
	EndGlobalSection
	GlobalSection(ExtensibilityGlobals) = postSolution
		SolutionGuid = {FC7AFBB6-1390-4F8D-A5F3-B269A4098507}
	EndGlobalSection
EndGlobal
